// !$*UTF8*$!
{
	archiveVersion = 1;
	classes = {
	};
	objectVersion = 56;
	objects = {

/* Begin PBXBuildFile section */
		50486CD12BC2FE9F00BD5BDC /* SparkGPTViewModel.swift in Sources */ = {isa = PBXBuildFile; fileRef = 50486CD02BC2FE9F00BD5BDC /* SparkGPTViewModel.swift */; };
		507378472BAA774D009ED169 /* GoogleService-Info.plist in Resources */ = {isa = PBXBuildFile; fileRef = 507378462BAA774D009ED169 /* GoogleService-Info.plist */; };
		50CC4E742BAA643800782828 /* DateClass.swift in Sources */ = {isa = PBXBuildFile; fileRef = 50CC4E732BAA643800782828 /* DateClass.swift */; };
		50E9A3692BC069DA007A3DDB /* SparkGPTController.swift in Sources */ = {isa = PBXBuildFile; fileRef = 50E9A3682BC069DA007A3DDB /* SparkGPTController.swift */; };
		FB2A01D32BCD8E3600DF084E /* FirebaseAnalytics in Frameworks */ = {isa = PBXBuildFile; productRef = FBDB05392BAA54C20076F915 /* FirebaseAnalytics */; };
		FB2A01D42BCD8E3600DF084E /* FirebaseAnalyticsOnDeviceConversion in Frameworks */ = {isa = PBXBuildFile; productRef = FBDB053B2BAA54C20076F915 /* FirebaseAnalyticsOnDeviceConversion */; };
		FB2A01D52BCD8E3600DF084E /* FirebaseAnalyticsSwift in Frameworks */ = {isa = PBXBuildFile; productRef = FBDB053D2BAA54C20076F915 /* FirebaseAnalyticsSwift */; };
		FB2A01D62BCD8E3600DF084E /* FirebaseAnalyticsWithoutAdIdSupport in Frameworks */ = {isa = PBXBuildFile; productRef = FBDB053F2BAA54C20076F915 /* FirebaseAnalyticsWithoutAdIdSupport */; };
		FB2A01D72BCD8E3600DF084E /* FirebaseAppCheck in Frameworks */ = {isa = PBXBuildFile; productRef = FBDB05412BAA54C20076F915 /* FirebaseAppCheck */; };
		FB2A01D82BCD8E3600DF084E /* FirebaseAppDistribution-Beta in Frameworks */ = {isa = PBXBuildFile; productRef = FBDB05432BAA54C20076F915 /* FirebaseAppDistribution-Beta */; };
		FB2A01D92BCD8E3600DF084E /* FirebaseAuth in Frameworks */ = {isa = PBXBuildFile; productRef = FBDB05452BAA54C20076F915 /* FirebaseAuth */; };
		FB2A01DA2BCD8E3600DF084E /* FirebaseAuthCombine-Community in Frameworks */ = {isa = PBXBuildFile; productRef = FBDB05472BAA54C20076F915 /* FirebaseAuthCombine-Community */; };
		FB2A01DB2BCD8E3600DF084E /* FirebaseCrashlytics in Frameworks */ = {isa = PBXBuildFile; productRef = FBDB05492BAA54C20076F915 /* FirebaseCrashlytics */; };
		FB2A01DC2BCD8E3600DF084E /* FirebaseDatabase in Frameworks */ = {isa = PBXBuildFile; productRef = FBDB054B2BAA54C20076F915 /* FirebaseDatabase */; };
		FB2A01DD2BCD8E3600DF084E /* FirebaseDatabaseSwift in Frameworks */ = {isa = PBXBuildFile; productRef = FBDB054D2BAA54C20076F915 /* FirebaseDatabaseSwift */; };
		FB2A01DE2BCD8E3600DF084E /* FirebaseDynamicLinks in Frameworks */ = {isa = PBXBuildFile; productRef = FBDB054F2BAA54C20076F915 /* FirebaseDynamicLinks */; };
		FB2A01DF2BCD8E3600DF084E /* FirebaseFirestore in Frameworks */ = {isa = PBXBuildFile; productRef = FBDB05512BAA54C20076F915 /* FirebaseFirestore */; };
		FB2A01E02BCD8E3600DF084E /* FirebaseFirestoreCombine-Community in Frameworks */ = {isa = PBXBuildFile; productRef = FBDB05532BAA54C20076F915 /* FirebaseFirestoreCombine-Community */; };
		FB2A01E12BCD8E3600DF084E /* FirebaseFirestoreSwift in Frameworks */ = {isa = PBXBuildFile; productRef = FBDB05552BAA54C20076F915 /* FirebaseFirestoreSwift */; };
		FB2A01E22BCD8E3600DF084E /* FirebaseFunctions in Frameworks */ = {isa = PBXBuildFile; productRef = FBDB05572BAA54C20076F915 /* FirebaseFunctions */; };
		FB2A01E32BCD8E3600DF084E /* FirebaseFunctionsCombine-Community in Frameworks */ = {isa = PBXBuildFile; productRef = FBDB05592BAA54C20076F915 /* FirebaseFunctionsCombine-Community */; };
		FB2A01E42BCD8E3600DF084E /* FirebaseInAppMessaging-Beta in Frameworks */ = {isa = PBXBuildFile; productRef = FBDB055B2BAA54C20076F915 /* FirebaseInAppMessaging-Beta */; };
		FB2A01E52BCD8E3600DF084E /* FirebaseInAppMessagingSwift-Beta in Frameworks */ = {isa = PBXBuildFile; productRef = FBDB055D2BAA54C20076F915 /* FirebaseInAppMessagingSwift-Beta */; };
		FB2A01E62BCD8E3600DF084E /* FirebaseInstallations in Frameworks */ = {isa = PBXBuildFile; productRef = FBDB055F2BAA54C20076F915 /* FirebaseInstallations */; };
		FB2A01E72BCD8E3600DF084E /* FirebaseMLModelDownloader in Frameworks */ = {isa = PBXBuildFile; productRef = FBDB05612BAA54C20076F915 /* FirebaseMLModelDownloader */; };
		FB2A01E82BCD8E3600DF084E /* FirebaseMessaging in Frameworks */ = {isa = PBXBuildFile; productRef = FBDB05632BAA54C20076F915 /* FirebaseMessaging */; };
		FB2A01E92BCD8E3600DF084E /* FirebasePerformance in Frameworks */ = {isa = PBXBuildFile; productRef = FBDB05652BAA54C20076F915 /* FirebasePerformance */; };
		FB2A01EA2BCD8E3600DF084E /* FirebaseRemoteConfig in Frameworks */ = {isa = PBXBuildFile; productRef = FBDB05672BAA54C20076F915 /* FirebaseRemoteConfig */; };
		FB2A01EB2BCD8E3600DF084E /* FirebaseRemoteConfigSwift in Frameworks */ = {isa = PBXBuildFile; productRef = FBDB05692BAA54C20076F915 /* FirebaseRemoteConfigSwift */; };
		FB2A01EC2BCD8E3600DF084E /* FirebaseStorage in Frameworks */ = {isa = PBXBuildFile; productRef = FBDB056B2BAA54C20076F915 /* FirebaseStorage */; };
		FB2A01ED2BCD8E3600DF084E /* FirebaseStorageCombine-Community in Frameworks */ = {isa = PBXBuildFile; productRef = FBDB056D2BAA54C20076F915 /* FirebaseStorageCombine-Community */; };
		FB2A01EE2BCD8E3600DF084E /* OpenAISwift in Frameworks */ = {isa = PBXBuildFile; productRef = 504114D22BB71191001E8805 /* OpenAISwift */; };
		FB2A01EF2BCD8E3600DF084E /* OpenAIKit in Frameworks */ = {isa = PBXBuildFile; productRef = 50E9A3652BC05FAB007A3DDB /* OpenAIKit */; };
		FB2A01F12BCD93C400DF084E /* FriendsList.swift in Sources */ = {isa = PBXBuildFile; fileRef = FB2A01F02BCD93C400DF084E /* FriendsList.swift */; };
		FB2A01F72BCD976800DF084E /* FriendsViewModel.swift in Sources */ = {isa = PBXBuildFile; fileRef = FB2A01F62BCD976700DF084E /* FriendsViewModel.swift */; };
		FB2A01F92BCD97EF00DF084E /* SendFriendRequestView.swift in Sources */ = {isa = PBXBuildFile; fileRef = FB2A01F82BCD97EF00DF084E /* SendFriendRequestView.swift */; };
		FB2A01FB2BCD989300DF084E /* FriendRequestView.swift in Sources */ = {isa = PBXBuildFile; fileRef = FB2A01FA2BCD989300DF084E /* FriendRequestView.swift */; };
		FB4861F62BD0A1D30019FE6D /* PHPickerViewController.swift in Sources */ = {isa = PBXBuildFile; fileRef = FB4861F52BD0A1D30019FE6D /* PHPickerViewController.swift */; };
		FB84B61A2BB3899D00E765EF /* SplashScreenView.swift in Sources */ = {isa = PBXBuildFile; fileRef = FB84B6192BB3899D00E765EF /* SplashScreenView.swift */; };
		FBC649AA2BAB933C0017F9C9 /* ArchivedItem.swift in Sources */ = {isa = PBXBuildFile; fileRef = FBC649A92BAB933C0017F9C9 /* ArchivedItem.swift */; };
		FBC7274C2BB4BCAB003852BE /* UserModel.swift in Sources */ = {isa = PBXBuildFile; fileRef = FBC7274B2BB4BCAB003852BE /* UserModel.swift */; };
		FBD95F4D2BBC6FE80075B690 /* Pin.swift in Sources */ = {isa = PBXBuildFile; fileRef = FBD95F4C2BBC6FE80075B690 /* Pin.swift */; };
		FBD95F4F2BBC780C0075B690 /* SearchCompleter.swift in Sources */ = {isa = PBXBuildFile; fileRef = FBD95F4E2BBC780C0075B690 /* SearchCompleter.swift */; };
		FBDB04EF2BAA4FFB0076F915 /* DateSparkApp.swift in Sources */ = {isa = PBXBuildFile; fileRef = FBDB04EE2BAA4FFB0076F915 /* DateSparkApp.swift */; };
		FBDB04F12BAA4FFB0076F915 /* ContentView.swift in Sources */ = {isa = PBXBuildFile; fileRef = FBDB04F02BAA4FFB0076F915 /* ContentView.swift */; };
		FBDB04F32BAA4FFE0076F915 /* Assets.xcassets in Resources */ = {isa = PBXBuildFile; fileRef = FBDB04F22BAA4FFE0076F915 /* Assets.xcassets */; };
		FBDB05062BAA53D20076F915 /* Login.swift in Sources */ = {isa = PBXBuildFile; fileRef = FBDB05012BAA53D20076F915 /* Login.swift */; };
		FBDB05072BAA53D20076F915 /* ProfileView.swift in Sources */ = {isa = PBXBuildFile; fileRef = FBDB05022BAA53D20076F915 /* ProfileView.swift */; };
		FBDB05082BAA53D20076F915 /* SignUp.swift in Sources */ = {isa = PBXBuildFile; fileRef = FBDB05032BAA53D20076F915 /* SignUp.swift */; };
		FBDB052A2BAA53F50076F915 /* ArchivedViewModel.swift in Sources */ = {isa = PBXBuildFile; fileRef = FBDB05092BAA53F20076F915 /* ArchivedViewModel.swift */; };
		FBDB052B2BAA53F50076F915 /* DateItem.swift in Sources */ = {isa = PBXBuildFile; fileRef = FBDB050A2BAA53F20076F915 /* DateItem.swift */; };
		FBDB052C2BAA53F50076F915 /* ArchivedDatesView.swift in Sources */ = {isa = PBXBuildFile; fileRef = FBDB050C2BAA53F20076F915 /* ArchivedDatesView.swift */; };
		FBDB052D2BAA53F50076F915 /* BottomBar.swift in Sources */ = {isa = PBXBuildFile; fileRef = FBDB050F2BAA53F20076F915 /* BottomBar.swift */; };
		FBDB052E2BAA53F50076F915 /* Card.swift in Sources */ = {isa = PBXBuildFile; fileRef = FBDB05102BAA53F20076F915 /* Card.swift */; };
		FBDB052F2BAA53F50076F915 /* HomeView.swift in Sources */ = {isa = PBXBuildFile; fileRef = FBDB05122BAA53F20076F915 /* HomeView.swift */; };
		FBDB05302BAA53F50076F915 /* Movie.swift in Sources */ = {isa = PBXBuildFile; fileRef = FBDB05152BAA53F30076F915 /* Movie.swift */; };
		FBDB05312BAA53F50076F915 /* MapView.swift in Sources */ = {isa = PBXBuildFile; fileRef = FBDB05182BAA53F30076F915 /* MapView.swift */; };
		FBDB05362BAA53F50076F915 /* SelectedPage.swift in Sources */ = {isa = PBXBuildFile; fileRef = FBDB05242BAA53F50076F915 /* SelectedPage.swift */; };
		FBDB05372BAA53F50076F915 /* SparkGPTView.swift in Sources */ = {isa = PBXBuildFile; fileRef = FBDB05272BAA53F50076F915 /* SparkGPTView.swift */; };
		FBF3AFEE2BCDB812001F991D /* FriendRequestListView.swift in Sources */ = {isa = PBXBuildFile; fileRef = FBF3AFED2BCDB812001F991D /* FriendRequestListView.swift */; };
/* End PBXBuildFile section */

/* Begin PBXFileReference section */
		50486CD02BC2FE9F00BD5BDC /* SparkGPTViewModel.swift */ = {isa = PBXFileReference; lastKnownFileType = sourcecode.swift; path = SparkGPTViewModel.swift; sourceTree = "<group>"; };
		507378462BAA774D009ED169 /* GoogleService-Info.plist */ = {isa = PBXFileReference; fileEncoding = 4; lastKnownFileType = text.plist.xml; path = "GoogleService-Info.plist"; sourceTree = "<group>"; };
		50CC4E732BAA643800782828 /* DateClass.swift */ = {isa = PBXFileReference; lastKnownFileType = sourcecode.swift; path = DateClass.swift; sourceTree = "<group>"; };
		50E9A3682BC069DA007A3DDB /* SparkGPTController.swift */ = {isa = PBXFileReference; lastKnownFileType = sourcecode.swift; path = SparkGPTController.swift; sourceTree = "<group>"; };
		FB2A01F02BCD93C400DF084E /* FriendsList.swift */ = {isa = PBXFileReference; lastKnownFileType = sourcecode.swift; path = FriendsList.swift; sourceTree = "<group>"; };
		FB2A01F62BCD976700DF084E /* FriendsViewModel.swift */ = {isa = PBXFileReference; lastKnownFileType = sourcecode.swift; path = FriendsViewModel.swift; sourceTree = "<group>"; };
		FB2A01F82BCD97EF00DF084E /* SendFriendRequestView.swift */ = {isa = PBXFileReference; lastKnownFileType = sourcecode.swift; path = SendFriendRequestView.swift; sourceTree = "<group>"; };
		FB2A01FA2BCD989300DF084E /* FriendRequestView.swift */ = {isa = PBXFileReference; lastKnownFileType = sourcecode.swift; path = FriendRequestView.swift; sourceTree = "<group>"; };
		FB4861F52BD0A1D30019FE6D /* PHPickerViewController.swift */ = {isa = PBXFileReference; lastKnownFileType = sourcecode.swift; path = PHPickerViewController.swift; sourceTree = "<group>"; };
		FB84B6192BB3899D00E765EF /* SplashScreenView.swift */ = {isa = PBXFileReference; lastKnownFileType = sourcecode.swift; path = SplashScreenView.swift; sourceTree = "<group>"; };
		FBC649A92BAB933C0017F9C9 /* ArchivedItem.swift */ = {isa = PBXFileReference; lastKnownFileType = sourcecode.swift; path = ArchivedItem.swift; sourceTree = "<group>"; };
		FBC7274B2BB4BCAB003852BE /* UserModel.swift */ = {isa = PBXFileReference; lastKnownFileType = sourcecode.swift; path = UserModel.swift; sourceTree = "<group>"; };
		FBD95F4C2BBC6FE80075B690 /* Pin.swift */ = {isa = PBXFileReference; lastKnownFileType = sourcecode.swift; path = Pin.swift; sourceTree = "<group>"; };
		FBD95F4E2BBC780C0075B690 /* SearchCompleter.swift */ = {isa = PBXFileReference; lastKnownFileType = sourcecode.swift; path = SearchCompleter.swift; sourceTree = "<group>"; };
		FBDB04EB2BAA4FFB0076F915 /* DateSpark.app */ = {isa = PBXFileReference; explicitFileType = wrapper.application; includeInIndex = 0; path = DateSpark.app; sourceTree = BUILT_PRODUCTS_DIR; };
		FBDB04EE2BAA4FFB0076F915 /* DateSparkApp.swift */ = {isa = PBXFileReference; lastKnownFileType = sourcecode.swift; path = DateSparkApp.swift; sourceTree = "<group>"; };
		FBDB04F02BAA4FFB0076F915 /* ContentView.swift */ = {isa = PBXFileReference; lastKnownFileType = sourcecode.swift; path = ContentView.swift; sourceTree = "<group>"; };
		FBDB04F22BAA4FFE0076F915 /* Assets.xcassets */ = {isa = PBXFileReference; lastKnownFileType = folder.assetcatalog; path = Assets.xcassets; sourceTree = "<group>"; };
		FBDB04F72BAA4FFE0076F915 /* DateSpark.entitlements */ = {isa = PBXFileReference; lastKnownFileType = text.plist.entitlements; path = DateSpark.entitlements; sourceTree = "<group>"; };
		FBDB05012BAA53D20076F915 /* Login.swift */ = {isa = PBXFileReference; fileEncoding = 4; lastKnownFileType = sourcecode.swift; path = Login.swift; sourceTree = "<group>"; };
		FBDB05022BAA53D20076F915 /* ProfileView.swift */ = {isa = PBXFileReference; fileEncoding = 4; lastKnownFileType = sourcecode.swift; path = ProfileView.swift; sourceTree = "<group>"; };
		FBDB05032BAA53D20076F915 /* SignUp.swift */ = {isa = PBXFileReference; fileEncoding = 4; lastKnownFileType = sourcecode.swift; path = SignUp.swift; sourceTree = "<group>"; };
		FBDB05092BAA53F20076F915 /* ArchivedViewModel.swift */ = {isa = PBXFileReference; fileEncoding = 4; lastKnownFileType = sourcecode.swift; path = ArchivedViewModel.swift; sourceTree = "<group>"; };
		FBDB050A2BAA53F20076F915 /* DateItem.swift */ = {isa = PBXFileReference; fileEncoding = 4; lastKnownFileType = sourcecode.swift; path = DateItem.swift; sourceTree = "<group>"; };
		FBDB050C2BAA53F20076F915 /* ArchivedDatesView.swift */ = {isa = PBXFileReference; fileEncoding = 4; lastKnownFileType = sourcecode.swift; path = ArchivedDatesView.swift; sourceTree = "<group>"; };
		FBDB050F2BAA53F20076F915 /* BottomBar.swift */ = {isa = PBXFileReference; fileEncoding = 4; lastKnownFileType = sourcecode.swift; path = BottomBar.swift; sourceTree = "<group>"; };
		FBDB05102BAA53F20076F915 /* Card.swift */ = {isa = PBXFileReference; fileEncoding = 4; lastKnownFileType = sourcecode.swift; path = Card.swift; sourceTree = "<group>"; };
		FBDB05122BAA53F20076F915 /* HomeView.swift */ = {isa = PBXFileReference; fileEncoding = 4; lastKnownFileType = sourcecode.swift; path = HomeView.swift; sourceTree = "<group>"; };
		FBDB05152BAA53F30076F915 /* Movie.swift */ = {isa = PBXFileReference; fileEncoding = 4; lastKnownFileType = sourcecode.swift; path = Movie.swift; sourceTree = "<group>"; };
		FBDB05182BAA53F30076F915 /* MapView.swift */ = {isa = PBXFileReference; fileEncoding = 4; lastKnownFileType = sourcecode.swift; path = MapView.swift; sourceTree = "<group>"; };
		FBDB05242BAA53F50076F915 /* SelectedPage.swift */ = {isa = PBXFileReference; fileEncoding = 4; lastKnownFileType = sourcecode.swift; path = SelectedPage.swift; sourceTree = "<group>"; };
		FBDB05272BAA53F50076F915 /* SparkGPTView.swift */ = {isa = PBXFileReference; fileEncoding = 4; lastKnownFileType = sourcecode.swift; path = SparkGPTView.swift; sourceTree = "<group>"; };
		FBF3AFED2BCDB812001F991D /* FriendRequestListView.swift */ = {isa = PBXFileReference; lastKnownFileType = sourcecode.swift; path = FriendRequestListView.swift; sourceTree = "<group>"; };
/* End PBXFileReference section */

/* Begin PBXFrameworksBuildPhase section */
		FBDB04E82BAA4FFB0076F915 /* Frameworks */ = {
			isa = PBXFrameworksBuildPhase;
			buildActionMask = 2147483647;
			files = (
				FB2A01EF2BCD8E3600DF084E /* OpenAIKit in Frameworks */,
				FB2A01EE2BCD8E3600DF084E /* OpenAISwift in Frameworks */,
				FB2A01ED2BCD8E3600DF084E /* FirebaseStorageCombine-Community in Frameworks */,
				FB2A01EC2BCD8E3600DF084E /* FirebaseStorage in Frameworks */,
				FB2A01EB2BCD8E3600DF084E /* FirebaseRemoteConfigSwift in Frameworks */,
				FB2A01EA2BCD8E3600DF084E /* FirebaseRemoteConfig in Frameworks */,
				FB2A01E92BCD8E3600DF084E /* FirebasePerformance in Frameworks */,
				FB2A01E82BCD8E3600DF084E /* FirebaseMessaging in Frameworks */,
				FB2A01E72BCD8E3600DF084E /* FirebaseMLModelDownloader in Frameworks */,
				FB2A01E62BCD8E3600DF084E /* FirebaseInstallations in Frameworks */,
				FB2A01E52BCD8E3600DF084E /* FirebaseInAppMessagingSwift-Beta in Frameworks */,
				FB2A01E42BCD8E3600DF084E /* FirebaseInAppMessaging-Beta in Frameworks */,
				FB2A01E32BCD8E3600DF084E /* FirebaseFunctionsCombine-Community in Frameworks */,
				FB2A01E22BCD8E3600DF084E /* FirebaseFunctions in Frameworks */,
				FB2A01E12BCD8E3600DF084E /* FirebaseFirestoreSwift in Frameworks */,
				FB2A01E02BCD8E3600DF084E /* FirebaseFirestoreCombine-Community in Frameworks */,
				FB2A01DF2BCD8E3600DF084E /* FirebaseFirestore in Frameworks */,
				FB2A01DE2BCD8E3600DF084E /* FirebaseDynamicLinks in Frameworks */,
				FB2A01DD2BCD8E3600DF084E /* FirebaseDatabaseSwift in Frameworks */,
				FB2A01DC2BCD8E3600DF084E /* FirebaseDatabase in Frameworks */,
				FB2A01DB2BCD8E3600DF084E /* FirebaseCrashlytics in Frameworks */,
				FB2A01DA2BCD8E3600DF084E /* FirebaseAuthCombine-Community in Frameworks */,
				FB2A01D92BCD8E3600DF084E /* FirebaseAuth in Frameworks */,
				FB2A01D82BCD8E3600DF084E /* FirebaseAppDistribution-Beta in Frameworks */,
				FB2A01D72BCD8E3600DF084E /* FirebaseAppCheck in Frameworks */,
				FB2A01D62BCD8E3600DF084E /* FirebaseAnalyticsWithoutAdIdSupport in Frameworks */,
				FB2A01D52BCD8E3600DF084E /* FirebaseAnalyticsSwift in Frameworks */,
				FB2A01D42BCD8E3600DF084E /* FirebaseAnalyticsOnDeviceConversion in Frameworks */,
				FB2A01D32BCD8E3600DF084E /* FirebaseAnalytics in Frameworks */,
			);
			runOnlyForDeploymentPostprocessing = 0;
		};
/* End PBXFrameworksBuildPhase section */

/* Begin PBXGroup section */
		50486CCF2BC2FE9500BD5BDC /* Model */ = {
			isa = PBXGroup;
			children = (
				50486CD02BC2FE9F00BD5BDC /* SparkGPTViewModel.swift */,
			);
			path = Model;
			sourceTree = "<group>";
		};
		50CC4E722BAA642C00782828 /* Model */ = {
			isa = PBXGroup;
			children = (
				50CC4E732BAA643800782828 /* DateClass.swift */,
			);
			path = Model;
			sourceTree = "<group>";
		};
		50E9A3672BC069B9007A3DDB /* Controller */ = {
			isa = PBXGroup;
			children = (
				50E9A3682BC069DA007A3DDB /* SparkGPTController.swift */,
			);
			path = Controller;
			sourceTree = "<group>";
		};
		FBA35BD92BBF533600DA7255 /* Model */ = {
			isa = PBXGroup;
			children = (
				FB2A01F62BCD976700DF084E /* FriendsViewModel.swift */,
			);
			path = Model;
			sourceTree = "<group>";
		};
		FBD95F4B2BBC6FCF0075B690 /* Model */ = {
			isa = PBXGroup;
			children = (
				FBD95F4C2BBC6FE80075B690 /* Pin.swift */,
				FBD95F4E2BBC780C0075B690 /* SearchCompleter.swift */,
			);
			path = Model;
			sourceTree = "<group>";
		};
		FBDB04E22BAA4FFB0076F915 = {
			isa = PBXGroup;
			children = (
				FBDB04ED2BAA4FFB0076F915 /* DateSpark */,
				FBDB04EC2BAA4FFB0076F915 /* Products */,
			);
			sourceTree = "<group>";
		};
		FBDB04EC2BAA4FFB0076F915 /* Products */ = {
			isa = PBXGroup;
			children = (
				FBDB04EB2BAA4FFB0076F915 /* DateSpark.app */,
			);
			name = Products;
			sourceTree = "<group>";
		};
		FBDB04ED2BAA4FFB0076F915 /* DateSpark */ = {
			isa = PBXGroup;
			children = (
				507378462BAA774D009ED169 /* GoogleService-Info.plist */,
				FBDB04EE2BAA4FFB0076F915 /* DateSparkApp.swift */,
				FBDB04F02BAA4FFB0076F915 /* ContentView.swift */,
				FBDB04F22BAA4FFE0076F915 /* Assets.xcassets */,
				FBDB04F72BAA4FFE0076F915 /* DateSpark.entitlements */,
				FBDB05052BAA53D20076F915 /* Account */,
				FBDB050E2BAA53F20076F915 /* ArchivedDates */,
				FBDB051F2BAA53F40076F915 /* Friends */,
				FBDB05142BAA53F20076F915 /* HomePage */,
				FBDB051A2BAA53F30076F915 /* MapView */,
				FBDB05172BAA53F30076F915 /* Movies */,
				FBDB05262BAA53F50076F915 /* SelectedDates */,
				FBDB05292BAA53F50076F915 /* SparkGPT */,
				FBDB05112BAA53F20076F915 /* UI */,
			);
			path = DateSpark;
			sourceTree = "<group>";
		};
		FBDB04FF2BAA53D20076F915 /* Controller */ = {
			isa = PBXGroup;
			children = (
				FB4861F52BD0A1D30019FE6D /* PHPickerViewController.swift */,
			);
			path = Controller;
			sourceTree = "<group>";
		};
		FBDB05002BAA53D20076F915 /* Model */ = {
			isa = PBXGroup;
			children = (
				FBC7274B2BB4BCAB003852BE /* UserModel.swift */,
			);
			path = Model;
			sourceTree = "<group>";
		};
		FBDB05042BAA53D20076F915 /* Views */ = {
			isa = PBXGroup;
			children = (
				FBDB05012BAA53D20076F915 /* Login.swift */,
				FB84B6192BB3899D00E765EF /* SplashScreenView.swift */,
				FBDB05022BAA53D20076F915 /* ProfileView.swift */,
				FBDB05032BAA53D20076F915 /* SignUp.swift */,
			);
			path = Views;
			sourceTree = "<group>";
		};
		FBDB05052BAA53D20076F915 /* Account */ = {
			isa = PBXGroup;
			children = (
				FBDB04FF2BAA53D20076F915 /* Controller */,
				FBDB05002BAA53D20076F915 /* Model */,
				FBDB05042BAA53D20076F915 /* Views */,
			);
			path = Account;
			sourceTree = "<group>";
		};
		FBDB050B2BAA53F20076F915 /* Model */ = {
			isa = PBXGroup;
			children = (
				FBDB05092BAA53F20076F915 /* ArchivedViewModel.swift */,
				FBC649A92BAB933C0017F9C9 /* ArchivedItem.swift */,
				FBDB050A2BAA53F20076F915 /* DateItem.swift */,
			);
			path = Model;
			sourceTree = "<group>";
		};
		FBDB050D2BAA53F20076F915 /* View */ = {
			isa = PBXGroup;
			children = (
				FBDB050C2BAA53F20076F915 /* ArchivedDatesView.swift */,
			);
			path = View;
			sourceTree = "<group>";
		};
		FBDB050E2BAA53F20076F915 /* ArchivedDates */ = {
			isa = PBXGroup;
			children = (
				FBDB050B2BAA53F20076F915 /* Model */,
				FBDB050D2BAA53F20076F915 /* View */,
			);
			path = ArchivedDates;
			sourceTree = "<group>";
		};
		FBDB05112BAA53F20076F915 /* UI */ = {
			isa = PBXGroup;
			children = (
				FBDB050F2BAA53F20076F915 /* BottomBar.swift */,
				FBDB05102BAA53F20076F915 /* Card.swift */,
			);
			path = UI;
			sourceTree = "<group>";
		};
		FBDB05132BAA53F20076F915 /* View */ = {
			isa = PBXGroup;
			children = (
				FBDB05122BAA53F20076F915 /* HomeView.swift */,
			);
			path = View;
			sourceTree = "<group>";
		};
		FBDB05142BAA53F20076F915 /* HomePage */ = {
			isa = PBXGroup;
			children = (
				50CC4E722BAA642C00782828 /* Model */,
				FBDB05132BAA53F20076F915 /* View */,
			);
			path = HomePage;
			sourceTree = "<group>";
		};
		FBDB05162BAA53F30076F915 /* Model */ = {
			isa = PBXGroup;
			children = (
				FBDB05152BAA53F30076F915 /* Movie.swift */,
			);
			path = Model;
			sourceTree = "<group>";
		};
		FBDB05172BAA53F30076F915 /* Movies */ = {
			isa = PBXGroup;
			children = (
				FBDB05162BAA53F30076F915 /* Model */,
			);
			path = Movies;
			sourceTree = "<group>";
		};
		FBDB05192BAA53F30076F915 /* View */ = {
			isa = PBXGroup;
			children = (
				FBDB05182BAA53F30076F915 /* MapView.swift */,
			);
			path = View;
			sourceTree = "<group>";
		};
		FBDB051A2BAA53F30076F915 /* MapView */ = {
			isa = PBXGroup;
			children = (
				FBD95F4B2BBC6FCF0075B690 /* Model */,
				FBDB05192BAA53F30076F915 /* View */,
			);
			path = MapView;
			sourceTree = "<group>";
		};
		FBDB051E2BAA53F40076F915 /* View */ = {
			isa = PBXGroup;
			children = (
				FB2A01F02BCD93C400DF084E /* FriendsList.swift */,
				FB2A01F82BCD97EF00DF084E /* SendFriendRequestView.swift */,
				FB2A01FA2BCD989300DF084E /* FriendRequestView.swift */,
				FBF3AFED2BCDB812001F991D /* FriendRequestListView.swift */,
			);
			path = View;
			sourceTree = "<group>";
		};
		FBDB051F2BAA53F40076F915 /* Friends */ = {
			isa = PBXGroup;
			children = (
				FBA35BD92BBF533600DA7255 /* Model */,
				FBDB051E2BAA53F40076F915 /* View */,
			);
			path = Friends;
			sourceTree = "<group>";
		};
		FBDB05222BAA53F50076F915 /* Controller */ = {
			isa = PBXGroup;
			children = (
			);
			path = Controller;
			sourceTree = "<group>";
		};
		FBDB05232BAA53F50076F915 /* Model */ = {
			isa = PBXGroup;
			children = (
			);
			path = Model;
			sourceTree = "<group>";
		};
		FBDB05252BAA53F50076F915 /* Views */ = {
			isa = PBXGroup;
			children = (
				FBDB05242BAA53F50076F915 /* SelectedPage.swift */,
			);
			path = Views;
			sourceTree = "<group>";
		};
		FBDB05262BAA53F50076F915 /* SelectedDates */ = {
			isa = PBXGroup;
			children = (
				FBDB05222BAA53F50076F915 /* Controller */,
				FBDB05232BAA53F50076F915 /* Model */,
				FBDB05252BAA53F50076F915 /* Views */,
			);
			path = SelectedDates;
			sourceTree = "<group>";
		};
		FBDB05282BAA53F50076F915 /* View */ = {
			isa = PBXGroup;
			children = (
				FBDB05272BAA53F50076F915 /* SparkGPTView.swift */,
			);
			path = View;
			sourceTree = "<group>";
		};
		FBDB05292BAA53F50076F915 /* SparkGPT */ = {
			isa = PBXGroup;
			children = (
				50486CCF2BC2FE9500BD5BDC /* Model */,
				50E9A3672BC069B9007A3DDB /* Controller */,
				FBDB05282BAA53F50076F915 /* View */,
			);
			path = SparkGPT;
			sourceTree = "<group>";
		};
/* End PBXGroup section */

/* Begin PBXNativeTarget section */
		FBDB04EA2BAA4FFB0076F915 /* DateSpark */ = {
			isa = PBXNativeTarget;
			buildConfigurationList = FBDB04FA2BAA4FFE0076F915 /* Build configuration list for PBXNativeTarget "DateSpark" */;
			buildPhases = (
				FBDB04E72BAA4FFB0076F915 /* Sources */,
				FBDB04E82BAA4FFB0076F915 /* Frameworks */,
				FBDB04E92BAA4FFB0076F915 /* Resources */,
			);
			buildRules = (
			);
			dependencies = (
			);
			name = DateSpark;
			packageProductDependencies = (
				FBDB05392BAA54C20076F915 /* FirebaseAnalytics */,
				FBDB053B2BAA54C20076F915 /* FirebaseAnalyticsOnDeviceConversion */,
				FBDB053D2BAA54C20076F915 /* FirebaseAnalyticsSwift */,
				FBDB053F2BAA54C20076F915 /* FirebaseAnalyticsWithoutAdIdSupport */,
				FBDB05412BAA54C20076F915 /* FirebaseAppCheck */,
				FBDB05432BAA54C20076F915 /* FirebaseAppDistribution-Beta */,
				FBDB05452BAA54C20076F915 /* FirebaseAuth */,
				FBDB05472BAA54C20076F915 /* FirebaseAuthCombine-Community */,
				FBDB05492BAA54C20076F915 /* FirebaseCrashlytics */,
				FBDB054B2BAA54C20076F915 /* FirebaseDatabase */,
				FBDB054D2BAA54C20076F915 /* FirebaseDatabaseSwift */,
				FBDB054F2BAA54C20076F915 /* FirebaseDynamicLinks */,
				FBDB05512BAA54C20076F915 /* FirebaseFirestore */,
				FBDB05532BAA54C20076F915 /* FirebaseFirestoreCombine-Community */,
				FBDB05552BAA54C20076F915 /* FirebaseFirestoreSwift */,
				FBDB05572BAA54C20076F915 /* FirebaseFunctions */,
				FBDB05592BAA54C20076F915 /* FirebaseFunctionsCombine-Community */,
				FBDB055B2BAA54C20076F915 /* FirebaseInAppMessaging-Beta */,
				FBDB055D2BAA54C20076F915 /* FirebaseInAppMessagingSwift-Beta */,
				FBDB055F2BAA54C20076F915 /* FirebaseInstallations */,
				FBDB05612BAA54C20076F915 /* FirebaseMLModelDownloader */,
				FBDB05632BAA54C20076F915 /* FirebaseMessaging */,
				FBDB05652BAA54C20076F915 /* FirebasePerformance */,
				FBDB05672BAA54C20076F915 /* FirebaseRemoteConfig */,
				FBDB05692BAA54C20076F915 /* FirebaseRemoteConfigSwift */,
				FBDB056B2BAA54C20076F915 /* FirebaseStorage */,
				FBDB056D2BAA54C20076F915 /* FirebaseStorageCombine-Community */,
				504114D22BB71191001E8805 /* OpenAISwift */,
				50E9A3652BC05FAB007A3DDB /* OpenAIKit */,
			);
			productName = DateSpark;
			productReference = FBDB04EB2BAA4FFB0076F915 /* DateSpark.app */;
			productType = "com.apple.product-type.application";
		};
/* End PBXNativeTarget section */

/* Begin PBXProject section */
		FBDB04E32BAA4FFB0076F915 /* Project object */ = {
			isa = PBXProject;
			attributes = {
				BuildIndependentTargetsInParallel = 1;
				LastSwiftUpdateCheck = 1530;
				LastUpgradeCheck = 1530;
				TargetAttributes = {
					FBDB04EA2BAA4FFB0076F915 = {
						CreatedOnToolsVersion = 15.3;
					};
				};
			};
			buildConfigurationList = FBDB04E62BAA4FFB0076F915 /* Build configuration list for PBXProject "DateSpark" */;
			compatibilityVersion = "Xcode 14.0";
			developmentRegion = en;
			hasScannedForEncodings = 0;
			knownRegions = (
				en,
				Base,
			);
			mainGroup = FBDB04E22BAA4FFB0076F915;
			packageReferences = (
				FBDB05382BAA54C20076F915 /* XCRemoteSwiftPackageReference "firebase-ios-sdk" */,
				504114D12BB71191001E8805 /* XCRemoteSwiftPackageReference "OpenAISwift" */,
				50E9A3642BC05FAB007A3DDB /* XCRemoteSwiftPackageReference "OpenAI" */,
			);
			productRefGroup = FBDB04EC2BAA4FFB0076F915 /* Products */;
			projectDirPath = "";
			projectRoot = "";
			targets = (
				FBDB04EA2BAA4FFB0076F915 /* DateSpark */,
			);
		};
/* End PBXProject section */

/* Begin PBXResourcesBuildPhase section */
		FBDB04E92BAA4FFB0076F915 /* Resources */ = {
			isa = PBXResourcesBuildPhase;
			buildActionMask = 2147483647;
			files = (
				FBDB04F32BAA4FFE0076F915 /* Assets.xcassets in Resources */,
				507378472BAA774D009ED169 /* GoogleService-Info.plist in Resources */,
			);
			runOnlyForDeploymentPostprocessing = 0;
		};
/* End PBXResourcesBuildPhase section */

/* Begin PBXSourcesBuildPhase section */
		FBDB04E72BAA4FFB0076F915 /* Sources */ = {
			isa = PBXSourcesBuildPhase;
			buildActionMask = 2147483647;
			files = (
				FBDB052B2BAA53F50076F915 /* DateItem.swift in Sources */,
				FBD95F4D2BBC6FE80075B690 /* Pin.swift in Sources */,
				FBDB05362BAA53F50076F915 /* SelectedPage.swift in Sources */,
				FBF3AFEE2BCDB812001F991D /* FriendRequestListView.swift in Sources */,
				FBDB05072BAA53D20076F915 /* ProfileView.swift in Sources */,
				FBC649AA2BAB933C0017F9C9 /* ArchivedItem.swift in Sources */,
				FBC7274C2BB4BCAB003852BE /* UserModel.swift in Sources */,
				FBDB05302BAA53F50076F915 /* Movie.swift in Sources */,
				FBDB052D2BAA53F50076F915 /* BottomBar.swift in Sources */,
				FBDB05312BAA53F50076F915 /* MapView.swift in Sources */,
				FBDB052A2BAA53F50076F915 /* ArchivedViewModel.swift in Sources */,
				FBDB05062BAA53D20076F915 /* Login.swift in Sources */,
				FB2A01F12BCD93C400DF084E /* FriendsList.swift in Sources */,
				FBDB05372BAA53F50076F915 /* SparkGPTView.swift in Sources */,
				FB84B61A2BB3899D00E765EF /* SplashScreenView.swift in Sources */,
				50E9A3692BC069DA007A3DDB /* SparkGPTController.swift in Sources */,
				FBDB052F2BAA53F50076F915 /* HomeView.swift in Sources */,
				FB4861F62BD0A1D30019FE6D /* PHPickerViewController.swift in Sources */,
				FBDB052C2BAA53F50076F915 /* ArchivedDatesView.swift in Sources */,
				FBDB04F12BAA4FFB0076F915 /* ContentView.swift in Sources */,
				FB2A01F92BCD97EF00DF084E /* SendFriendRequestView.swift in Sources */,
				FBDB052E2BAA53F50076F915 /* Card.swift in Sources */,
				FBD95F4F2BBC780C0075B690 /* SearchCompleter.swift in Sources */,
				FBDB04EF2BAA4FFB0076F915 /* DateSparkApp.swift in Sources */,
				50CC4E742BAA643800782828 /* DateClass.swift in Sources */,
				FB2A01FB2BCD989300DF084E /* FriendRequestView.swift in Sources */,
				FBDB05082BAA53D20076F915 /* SignUp.swift in Sources */,
				50486CD12BC2FE9F00BD5BDC /* SparkGPTViewModel.swift in Sources */,
				FB2A01F72BCD976800DF084E /* FriendsViewModel.swift in Sources */,
			);
			runOnlyForDeploymentPostprocessing = 0;
		};
/* End PBXSourcesBuildPhase section */

/* Begin XCBuildConfiguration section */
		FBDB04F82BAA4FFE0076F915 /* Debug */ = {
			isa = XCBuildConfiguration;
			buildSettings = {
				ALWAYS_SEARCH_USER_PATHS = NO;
				ASSETCATALOG_COMPILER_GENERATE_SWIFT_ASSET_SYMBOL_EXTENSIONS = YES;
				CLANG_ANALYZER_NONNULL = YES;
				CLANG_ANALYZER_NUMBER_OBJECT_CONVERSION = YES_AGGRESSIVE;
				CLANG_CXX_LANGUAGE_STANDARD = "gnu++20";
				CLANG_ENABLE_MODULES = YES;
				CLANG_ENABLE_OBJC_ARC = YES;
				CLANG_ENABLE_OBJC_WEAK = YES;
				CLANG_WARN_BLOCK_CAPTURE_AUTORELEASING = YES;
				CLANG_WARN_BOOL_CONVERSION = YES;
				CLANG_WARN_COMMA = YES;
				CLANG_WARN_CONSTANT_CONVERSION = YES;
				CLANG_WARN_DEPRECATED_OBJC_IMPLEMENTATIONS = YES;
				CLANG_WARN_DIRECT_OBJC_ISA_USAGE = YES_ERROR;
				CLANG_WARN_DOCUMENTATION_COMMENTS = YES;
				CLANG_WARN_EMPTY_BODY = YES;
				CLANG_WARN_ENUM_CONVERSION = YES;
				CLANG_WARN_INFINITE_RECURSION = YES;
				CLANG_WARN_INT_CONVERSION = YES;
				CLANG_WARN_NON_LITERAL_NULL_CONVERSION = YES;
				CLANG_WARN_OBJC_IMPLICIT_RETAIN_SELF = YES;
				CLANG_WARN_OBJC_LITERAL_CONVERSION = YES;
				CLANG_WARN_OBJC_ROOT_CLASS = YES_ERROR;
				CLANG_WARN_QUOTED_INCLUDE_IN_FRAMEWORK_HEADER = YES;
				CLANG_WARN_RANGE_LOOP_ANALYSIS = YES;
				CLANG_WARN_STRICT_PROTOTYPES = YES;
				CLANG_WARN_SUSPICIOUS_MOVE = YES;
				CLANG_WARN_UNGUARDED_AVAILABILITY = YES_AGGRESSIVE;
				CLANG_WARN_UNREACHABLE_CODE = YES;
				CLANG_WARN__DUPLICATE_METHOD_MATCH = YES;
				COPY_PHASE_STRIP = NO;
				DEBUG_INFORMATION_FORMAT = dwarf;
				ENABLE_STRICT_OBJC_MSGSEND = YES;
				ENABLE_TESTABILITY = YES;
				ENABLE_USER_SCRIPT_SANDBOXING = YES;
				GCC_C_LANGUAGE_STANDARD = gnu17;
				GCC_DYNAMIC_NO_PIC = NO;
				GCC_NO_COMMON_BLOCKS = YES;
				GCC_OPTIMIZATION_LEVEL = 0;
				GCC_PREPROCESSOR_DEFINITIONS = (
					"DEBUG=1",
					"$(inherited)",
				);
				GCC_WARN_64_TO_32_BIT_CONVERSION = YES;
				GCC_WARN_ABOUT_RETURN_TYPE = YES_ERROR;
				GCC_WARN_UNDECLARED_SELECTOR = YES;
				GCC_WARN_UNINITIALIZED_AUTOS = YES_AGGRESSIVE;
				GCC_WARN_UNUSED_FUNCTION = YES;
				GCC_WARN_UNUSED_VARIABLE = YES;
				LOCALIZATION_PREFERS_STRING_CATALOGS = YES;
				MACOSX_DEPLOYMENT_TARGET = 14.1;
				MTL_ENABLE_DEBUG_INFO = INCLUDE_SOURCE;
				MTL_FAST_MATH = YES;
				ONLY_ACTIVE_ARCH = YES;
				SDKROOT = macosx;
				SWIFT_ACTIVE_COMPILATION_CONDITIONS = "DEBUG $(inherited)";
				SWIFT_OPTIMIZATION_LEVEL = "-Onone";
			};
			name = Debug;
		};
		FBDB04F92BAA4FFE0076F915 /* Release */ = {
			isa = XCBuildConfiguration;
			buildSettings = {
				ALWAYS_SEARCH_USER_PATHS = NO;
				ASSETCATALOG_COMPILER_GENERATE_SWIFT_ASSET_SYMBOL_EXTENSIONS = YES;
				CLANG_ANALYZER_NONNULL = YES;
				CLANG_ANALYZER_NUMBER_OBJECT_CONVERSION = YES_AGGRESSIVE;
				CLANG_CXX_LANGUAGE_STANDARD = "gnu++20";
				CLANG_ENABLE_MODULES = YES;
				CLANG_ENABLE_OBJC_ARC = YES;
				CLANG_ENABLE_OBJC_WEAK = YES;
				CLANG_WARN_BLOCK_CAPTURE_AUTORELEASING = YES;
				CLANG_WARN_BOOL_CONVERSION = YES;
				CLANG_WARN_COMMA = YES;
				CLANG_WARN_CONSTANT_CONVERSION = YES;
				CLANG_WARN_DEPRECATED_OBJC_IMPLEMENTATIONS = YES;
				CLANG_WARN_DIRECT_OBJC_ISA_USAGE = YES_ERROR;
				CLANG_WARN_DOCUMENTATION_COMMENTS = YES;
				CLANG_WARN_EMPTY_BODY = YES;
				CLANG_WARN_ENUM_CONVERSION = YES;
				CLANG_WARN_INFINITE_RECURSION = YES;
				CLANG_WARN_INT_CONVERSION = YES;
				CLANG_WARN_NON_LITERAL_NULL_CONVERSION = YES;
				CLANG_WARN_OBJC_IMPLICIT_RETAIN_SELF = YES;
				CLANG_WARN_OBJC_LITERAL_CONVERSION = YES;
				CLANG_WARN_OBJC_ROOT_CLASS = YES_ERROR;
				CLANG_WARN_QUOTED_INCLUDE_IN_FRAMEWORK_HEADER = YES;
				CLANG_WARN_RANGE_LOOP_ANALYSIS = YES;
				CLANG_WARN_STRICT_PROTOTYPES = YES;
				CLANG_WARN_SUSPICIOUS_MOVE = YES;
				CLANG_WARN_UNGUARDED_AVAILABILITY = YES_AGGRESSIVE;
				CLANG_WARN_UNREACHABLE_CODE = YES;
				CLANG_WARN__DUPLICATE_METHOD_MATCH = YES;
				COPY_PHASE_STRIP = NO;
				DEBUG_INFORMATION_FORMAT = "dwarf-with-dsym";
				ENABLE_NS_ASSERTIONS = NO;
				ENABLE_STRICT_OBJC_MSGSEND = YES;
				ENABLE_USER_SCRIPT_SANDBOXING = YES;
				GCC_C_LANGUAGE_STANDARD = gnu17;
				GCC_NO_COMMON_BLOCKS = YES;
				GCC_WARN_64_TO_32_BIT_CONVERSION = YES;
				GCC_WARN_ABOUT_RETURN_TYPE = YES_ERROR;
				GCC_WARN_UNDECLARED_SELECTOR = YES;
				GCC_WARN_UNINITIALIZED_AUTOS = YES_AGGRESSIVE;
				GCC_WARN_UNUSED_FUNCTION = YES;
				GCC_WARN_UNUSED_VARIABLE = YES;
				LOCALIZATION_PREFERS_STRING_CATALOGS = YES;
				MACOSX_DEPLOYMENT_TARGET = 14.1;
				MTL_ENABLE_DEBUG_INFO = NO;
				MTL_FAST_MATH = YES;
				SDKROOT = macosx;
				SWIFT_COMPILATION_MODE = wholemodule;
			};
			name = Release;
		};
		FBDB04FB2BAA4FFE0076F915 /* Debug */ = {
			isa = XCBuildConfiguration;
			buildSettings = {
				ASSETCATALOG_COMPILER_APPICON_NAME = AppIcon;
				ASSETCATALOG_COMPILER_GLOBAL_ACCENT_COLOR_NAME = AccentColor;
				CODE_SIGN_ENTITLEMENTS = DateSpark/DateSpark.entitlements;
				CODE_SIGN_STYLE = Automatic;
				COMBINE_HIDPI_IMAGES = YES;
				CURRENT_PROJECT_VERSION = 1;
				DEVELOPMENT_ASSET_PATHS = "\"DateSpark/Preview Content\"";
				DEVELOPMENT_TEAM = DRHZR4KQG3;
				ENABLE_HARDENED_RUNTIME = YES;
				ENABLE_PREVIEWS = YES;
				GENERATE_INFOPLIST_FILE = YES;
				INFOPLIST_KEY_NSHumanReadableCopyright = "";
				LD_RUNPATH_SEARCH_PATHS = (
					"$(inherited)",
					"@executable_path/../Frameworks",
				);
				MARKETING_VERSION = 1.0;
				PRODUCT_BUNDLE_IDENTIFIER = iOS..DateSpark;
				PRODUCT_NAME = "$(TARGET_NAME)";
				SUPPORTED_PLATFORMS = "iphoneos iphonesimulator";
				SUPPORTS_MACCATALYST = NO;
				SWIFT_EMIT_LOC_STRINGS = YES;
				SWIFT_VERSION = 5.0;
				TARGETED_DEVICE_FAMILY = 1;
			};
			name = Debug;
		};
		FBDB04FC2BAA4FFE0076F915 /* Release */ = {
			isa = XCBuildConfiguration;
			buildSettings = {
				ASSETCATALOG_COMPILER_APPICON_NAME = AppIcon;
				ASSETCATALOG_COMPILER_GLOBAL_ACCENT_COLOR_NAME = AccentColor;
				CODE_SIGN_ENTITLEMENTS = DateSpark/DateSpark.entitlements;
				CODE_SIGN_STYLE = Automatic;
				COMBINE_HIDPI_IMAGES = YES;
				CURRENT_PROJECT_VERSION = 1;
				DEVELOPMENT_ASSET_PATHS = "\"DateSpark/Preview Content\"";
				DEVELOPMENT_TEAM = DRHZR4KQG3;
				ENABLE_HARDENED_RUNTIME = YES;
				ENABLE_PREVIEWS = YES;
				GENERATE_INFOPLIST_FILE = YES;
				INFOPLIST_KEY_NSHumanReadableCopyright = "";
				LD_RUNPATH_SEARCH_PATHS = (
					"$(inherited)",
					"@executable_path/../Frameworks",
				);
				MARKETING_VERSION = 1.0;
				PRODUCT_BUNDLE_IDENTIFIER = iOS..DateSpark;
				PRODUCT_NAME = "$(TARGET_NAME)";
				SUPPORTED_PLATFORMS = "iphoneos iphonesimulator";
				SUPPORTS_MACCATALYST = NO;
				SWIFT_EMIT_LOC_STRINGS = YES;
				SWIFT_VERSION = 5.0;
				TARGETED_DEVICE_FAMILY = 1;
			};
			name = Release;
		};
/* End XCBuildConfiguration section */

/* Begin XCConfigurationList section */
		FBDB04E62BAA4FFB0076F915 /* Build configuration list for PBXProject "DateSpark" */ = {
			isa = XCConfigurationList;
			buildConfigurations = (
				FBDB04F82BAA4FFE0076F915 /* Debug */,
				FBDB04F92BAA4FFE0076F915 /* Release */,
			);
			defaultConfigurationIsVisible = 0;
			defaultConfigurationName = Release;
		};
		FBDB04FA2BAA4FFE0076F915 /* Build configuration list for PBXNativeTarget "DateSpark" */ = {
			isa = XCConfigurationList;
			buildConfigurations = (
				FBDB04FB2BAA4FFE0076F915 /* Debug */,
				FBDB04FC2BAA4FFE0076F915 /* Release */,
			);
			defaultConfigurationIsVisible = 0;
			defaultConfigurationName = Release;
		};
/* End XCConfigurationList section */

/* Begin XCRemoteSwiftPackageReference section */
		504114D12BB71191001E8805 /* XCRemoteSwiftPackageReference "OpenAISwift" */ = {
			isa = XCRemoteSwiftPackageReference;
			repositoryURL = "https://github.com/adamrushy/OpenAISwift";
			requirement = {
				kind = upToNextMajorVersion;
				minimumVersion = 1.4.1;
			};
		};
		50E9A3642BC05FAB007A3DDB /* XCRemoteSwiftPackageReference "OpenAI" */ = {
			isa = XCRemoteSwiftPackageReference;
			repositoryURL = "https://github.com/FuturraGroup/OpenAI.git";
			requirement = {
				kind = upToNextMajorVersion;
				minimumVersion = 1.9.3;
			};
		};
		FBDB05382BAA54C20076F915 /* XCRemoteSwiftPackageReference "firebase-ios-sdk" */ = {
			isa = XCRemoteSwiftPackageReference;
			repositoryURL = "https://github.com/firebase/firebase-ios-sdk";
			requirement = {
				kind = upToNextMajorVersion;
				minimumVersion = 10.23.0;
			};
		};
/* End XCRemoteSwiftPackageReference section */

/* Begin XCSwiftPackageProductDependency section */
		504114D22BB71191001E8805 /* OpenAISwift */ = {
			isa = XCSwiftPackageProductDependency;
			package = 504114D12BB71191001E8805 /* XCRemoteSwiftPackageReference "OpenAISwift" */;
			productName = OpenAISwift;
		};
		50E9A3652BC05FAB007A3DDB /* OpenAIKit */ = {
			isa = XCSwiftPackageProductDependency;
			package = 50E9A3642BC05FAB007A3DDB /* XCRemoteSwiftPackageReference "OpenAI" */;
			productName = OpenAIKit;
		};
		FBDB05392BAA54C20076F915 /* FirebaseAnalytics */ = {
			isa = XCSwiftPackageProductDependency;
			package = FBDB05382BAA54C20076F915 /* XCRemoteSwiftPackageReference "firebase-ios-sdk" */;
			productName = FirebaseAnalytics;
		};
		FBDB053B2BAA54C20076F915 /* FirebaseAnalyticsOnDeviceConversion */ = {
			isa = XCSwiftPackageProductDependency;
			package = FBDB05382BAA54C20076F915 /* XCRemoteSwiftPackageReference "firebase-ios-sdk" */;
			productName = FirebaseAnalyticsOnDeviceConversion;
		};
		FBDB053D2BAA54C20076F915 /* FirebaseAnalyticsSwift */ = {
			isa = XCSwiftPackageProductDependency;
			package = FBDB05382BAA54C20076F915 /* XCRemoteSwiftPackageReference "firebase-ios-sdk" */;
			productName = FirebaseAnalyticsSwift;
		};
		FBDB053F2BAA54C20076F915 /* FirebaseAnalyticsWithoutAdIdSupport */ = {
			isa = XCSwiftPackageProductDependency;
			package = FBDB05382BAA54C20076F915 /* XCRemoteSwiftPackageReference "firebase-ios-sdk" */;
			productName = FirebaseAnalyticsWithoutAdIdSupport;
		};
		FBDB05412BAA54C20076F915 /* FirebaseAppCheck */ = {
			isa = XCSwiftPackageProductDependency;
			package = FBDB05382BAA54C20076F915 /* XCRemoteSwiftPackageReference "firebase-ios-sdk" */;
			productName = FirebaseAppCheck;
		};
		FBDB05432BAA54C20076F915 /* FirebaseAppDistribution-Beta */ = {
			isa = XCSwiftPackageProductDependency;
			package = FBDB05382BAA54C20076F915 /* XCRemoteSwiftPackageReference "firebase-ios-sdk" */;
			productName = "FirebaseAppDistribution-Beta";
		};
		FBDB05452BAA54C20076F915 /* FirebaseAuth */ = {
			isa = XCSwiftPackageProductDependency;
			package = FBDB05382BAA54C20076F915 /* XCRemoteSwiftPackageReference "firebase-ios-sdk" */;
			productName = FirebaseAuth;
		};
		FBDB05472BAA54C20076F915 /* FirebaseAuthCombine-Community */ = {
			isa = XCSwiftPackageProductDependency;
			package = FBDB05382BAA54C20076F915 /* XCRemoteSwiftPackageReference "firebase-ios-sdk" */;
			productName = "FirebaseAuthCombine-Community";
		};
		FBDB05492BAA54C20076F915 /* FirebaseCrashlytics */ = {
			isa = XCSwiftPackageProductDependency;
			package = FBDB05382BAA54C20076F915 /* XCRemoteSwiftPackageReference "firebase-ios-sdk" */;
			productName = FirebaseCrashlytics;
		};
		FBDB054B2BAA54C20076F915 /* FirebaseDatabase */ = {
			isa = XCSwiftPackageProductDependency;
			package = FBDB05382BAA54C20076F915 /* XCRemoteSwiftPackageReference "firebase-ios-sdk" */;
			productName = FirebaseDatabase;
		};
		FBDB054D2BAA54C20076F915 /* FirebaseDatabaseSwift */ = {
			isa = XCSwiftPackageProductDependency;
			package = FBDB05382BAA54C20076F915 /* XCRemoteSwiftPackageReference "firebase-ios-sdk" */;
			productName = FirebaseDatabaseSwift;
		};
		FBDB054F2BAA54C20076F915 /* FirebaseDynamicLinks */ = {
			isa = XCSwiftPackageProductDependency;
			package = FBDB05382BAA54C20076F915 /* XCRemoteSwiftPackageReference "firebase-ios-sdk" */;
			productName = FirebaseDynamicLinks;
		};
		FBDB05512BAA54C20076F915 /* FirebaseFirestore */ = {
			isa = XCSwiftPackageProductDependency;
			package = FBDB05382BAA54C20076F915 /* XCRemoteSwiftPackageReference "firebase-ios-sdk" */;
			productName = FirebaseFirestore;
		};
		FBDB05532BAA54C20076F915 /* FirebaseFirestoreCombine-Community */ = {
			isa = XCSwiftPackageProductDependency;
			package = FBDB05382BAA54C20076F915 /* XCRemoteSwiftPackageReference "firebase-ios-sdk" */;
			productName = "FirebaseFirestoreCombine-Community";
		};
		FBDB05552BAA54C20076F915 /* FirebaseFirestoreSwift */ = {
			isa = XCSwiftPackageProductDependency;
			package = FBDB05382BAA54C20076F915 /* XCRemoteSwiftPackageReference "firebase-ios-sdk" */;
			productName = FirebaseFirestoreSwift;
		};
		FBDB05572BAA54C20076F915 /* FirebaseFunctions */ = {
			isa = XCSwiftPackageProductDependency;
			package = FBDB05382BAA54C20076F915 /* XCRemoteSwiftPackageReference "firebase-ios-sdk" */;
			productName = FirebaseFunctions;
		};
		FBDB05592BAA54C20076F915 /* FirebaseFunctionsCombine-Community */ = {
			isa = XCSwiftPackageProductDependency;
			package = FBDB05382BAA54C20076F915 /* XCRemoteSwiftPackageReference "firebase-ios-sdk" */;
			productName = "FirebaseFunctionsCombine-Community";
		};
		FBDB055B2BAA54C20076F915 /* FirebaseInAppMessaging-Beta */ = {
			isa = XCSwiftPackageProductDependency;
			package = FBDB05382BAA54C20076F915 /* XCRemoteSwiftPackageReference "firebase-ios-sdk" */;
			productName = "FirebaseInAppMessaging-Beta";
		};
		FBDB055D2BAA54C20076F915 /* FirebaseInAppMessagingSwift-Beta */ = {
			isa = XCSwiftPackageProductDependency;
			package = FBDB05382BAA54C20076F915 /* XCRemoteSwiftPackageReference "firebase-ios-sdk" */;
			productName = "FirebaseInAppMessagingSwift-Beta";
		};
		FBDB055F2BAA54C20076F915 /* FirebaseInstallations */ = {
			isa = XCSwiftPackageProductDependency;
			package = FBDB05382BAA54C20076F915 /* XCRemoteSwiftPackageReference "firebase-ios-sdk" */;
			productName = FirebaseInstallations;
		};
		FBDB05612BAA54C20076F915 /* FirebaseMLModelDownloader */ = {
			isa = XCSwiftPackageProductDependency;
			package = FBDB05382BAA54C20076F915 /* XCRemoteSwiftPackageReference "firebase-ios-sdk" */;
			productName = FirebaseMLModelDownloader;
		};
		FBDB05632BAA54C20076F915 /* FirebaseMessaging */ = {
			isa = XCSwiftPackageProductDependency;
			package = FBDB05382BAA54C20076F915 /* XCRemoteSwiftPackageReference "firebase-ios-sdk" */;
			productName = FirebaseMessaging;
		};
		FBDB05652BAA54C20076F915 /* FirebasePerformance */ = {
			isa = XCSwiftPackageProductDependency;
			package = FBDB05382BAA54C20076F915 /* XCRemoteSwiftPackageReference "firebase-ios-sdk" */;
			productName = FirebasePerformance;
		};
		FBDB05672BAA54C20076F915 /* FirebaseRemoteConfig */ = {
			isa = XCSwiftPackageProductDependency;
			package = FBDB05382BAA54C20076F915 /* XCRemoteSwiftPackageReference "firebase-ios-sdk" */;
			productName = FirebaseRemoteConfig;
		};
		FBDB05692BAA54C20076F915 /* FirebaseRemoteConfigSwift */ = {
			isa = XCSwiftPackageProductDependency;
			package = FBDB05382BAA54C20076F915 /* XCRemoteSwiftPackageReference "firebase-ios-sdk" */;
			productName = FirebaseRemoteConfigSwift;
		};
		FBDB056B2BAA54C20076F915 /* FirebaseStorage */ = {
			isa = XCSwiftPackageProductDependency;
			package = FBDB05382BAA54C20076F915 /* XCRemoteSwiftPackageReference "firebase-ios-sdk" */;
			productName = FirebaseStorage;
		};
		FBDB056D2BAA54C20076F915 /* FirebaseStorageCombine-Community */ = {
			isa = XCSwiftPackageProductDependency;
			package = FBDB05382BAA54C20076F915 /* XCRemoteSwiftPackageReference "firebase-ios-sdk" */;
			productName = "FirebaseStorageCombine-Community";
		};
/* End XCSwiftPackageProductDependency section */
	};
	rootObject = FBDB04E32BAA4FFB0076F915 /* Project object */;
}
